
Microsoft Visual Studio Solution File, Format Version 12.00
Project("{F2A71F9B-5D33-465A-A702-920D77279786}") = "Examples", "Examples\Examples.fsproj", "{3540E43E-529E-404A-BEA9-9952ED397847}"
EndProject
Project("{FAE04EC0-301F-11D3-BF4B-00C04F79EFBC}") = "TestsAndExamples", "TestsAndExamples\TestsAndExamples.csproj", "{766CD282-DD1F-4276-8DFC-0CA1E6DA82C8}"
EndProject
Global
	GlobalSection(SolutionConfigurationPlatforms) = preSolution
		Debug|Any CPU = Debug|Any CPU
		Release|Any CPU = Release|Any CPU
	EndGlobalSection
	GlobalSection(ProjectConfigurationPlatforms) = postSolution
		{3540E43E-529E-404A-BEA9-9952ED397847}.Debug|Any CPU.ActiveCfg = Debug|Any CPU
		{3540E43E-529E-404A-BEA9-9952ED397847}.Debug|Any CPU.Build.0 = Debug|Any CPU
		{3540E43E-529E-404A-BEA9-9952ED397847}.Release|Any CPU.ActiveCfg = Release|Any CPU
		{3540E43E-529E-404A-BEA9-9952ED397847}.Release|Any CPU.Build.0 = Release|Any CPU
		{766CD282-DD1F-4276-8DFC-0CA1E6DA82C8}.Debug|Any CPU.ActiveCfg = Debug|Any CPU
		{766CD282-DD1F-4276-8DFC-0CA1E6DA82C8}.Debug|Any CPU.Build.0 = Debug|Any CPU
		{766CD282-DD1F-4276-8DFC-0CA1E6DA82C8}.Release|Any CPU.ActiveCfg = Release|Any CPU
		{766CD282-DD1F-4276-8DFC-0CA1E6DA82C8}.Release|Any CPU.Build.0 = Release|Any CPU
	EndGlobalSection
EndGlobal
